
Microsoft Visual Studio Solution File, Format Version 12.00
# Visual Studio 15
VisualStudioVersion = 15.0.27729.1
MinimumVisualStudioVersion = 10.0.40219.1
Project("{FAE04EC0-301F-11D3-BF4B-00C04F79EFBC}") = "TicTacToe", "TicTacToe\TicTacToe.csproj", "{408125AE-CB32-4E0F-8938-809E7B28AA06}"
EndProject
Global
	GlobalSection(SolutionConfigurationPlatforms) = preSolution
		Debug|Any CPU = Debug|Any CPU
		Release|Any CPU = Release|Any CPU
	EndGlobalSection
	GlobalSection(ProjectConfigurationPlatforms) = postSolution
		{408125AE-CB32-4E0F-8938-809E7B28AA06}.Debug|Any CPU.ActiveCfg = Debug|Any CPU
		{408125AE-CB32-4E0F-8938-809E7B28AA06}.Debug|Any CPU.Build.0 = Debug|Any CPU
		{408125AE-CB32-4E0F-8938-809E7B28AA06}.Release|Any CPU.ActiveCfg = Release|Any CPU
		{408125AE-CB32-4E0F-8938-809E7B28AA06}.Release|Any CPU.Build.0 = Release|Any CPU
	EndGlobalSection
	GlobalSection(SolutionProperties) = preSolution
		HideSolutionNode = FALSE
	EndGlobalSection
	GlobalSection(ExtensibilityGlobals) = postSolution
		SolutionGuid = {52A986C1-CE38-4955-9583-3E27252B6373}
	EndGlobalSection
EndGlobal
